
Microsoft Visual Studio Solution File, Format Version 12.00
# Visual Studio Version 17
VisualStudioVersion = 17.7.34024.191
MinimumVisualStudioVersion = 10.0.40219.1
Project("{FAE04EC0-301F-11D3-BF4B-00C04F79EFBC}") = "Entity2", "Entity2\Entity2.csproj", "{BF2DF5C7-2951-4B17-B6D0-5B28C0A6739A}"
EndProject
Global
	GlobalSection(SolutionConfigurationPlatforms) = preSolution
		Debug|Any CPU = Debug|Any CPU
		Release|Any CPU = Release|Any CPU
	EndGlobalSection
	GlobalSection(ProjectConfigurationPlatforms) = postSolution
		{BF2DF5C7-2951-4B17-B6D0-5B28C0A6739A}.Debug|Any CPU.ActiveCfg = Debug|Any CPU
		{BF2DF5C7-2951-4B17-B6D0-5B28C0A6739A}.Debug|Any CPU.Build.0 = Debug|Any CPU
		{BF2DF5C7-2951-4B17-B6D0-5B28C0A6739A}.Release|Any CPU.ActiveCfg = Release|Any CPU
		{BF2DF5C7-2951-4B17-B6D0-5B28C0A6739A}.Release|Any CPU.Build.0 = Release|Any CPU
	EndGlobalSection
	GlobalSection(SolutionProperties) = preSolution
		HideSolutionNode = FALSE
	EndGlobalSection
	GlobalSection(ExtensibilityGlobals) = postSolution
		SolutionGuid = {A674FA23-313C-433F-8F81-63D7D67061BC}
	EndGlobalSection
EndGlobal
